<?xml version="1.0" encoding="utf-8"?>
<Project ToolsVersion="4.0" xmlns="http://schemas.microsoft.com/developer/msbuild/2003">
  <ItemGroup>
    <Filter Include="Source Files">
      <UniqueIdentifier>{1408e571-10de-45a5-8aff-6874ba37dc69}</UniqueIdentifier>
      <Extensions>cpp;c;cxx;rc;def;r;odl;idl;hpj;bat</Extensions>
    </Filter>
    <Filter Include="Header Files">
      <UniqueIdentifier>{bd93173d-961b-4dd3-aeeb-ad0545db8648}</UniqueIdentifier>
      <Extensions>h;hpp;hxx;hm;inl</Extensions>
    </Filter>
    <Filter Include="Resource Files">
      <UniqueIdentifier>{935337f7-8e5e-49fd-9181-813a03d4db1c}</UniqueIdentifier>
      <Extensions>ico;cur;bmp;dlg;rc2;rct;bin;rgs;gif;jpg;jpeg;jpe</Extensions>
    </Filter>
  </ItemGroup>
  <ItemGroup>
    <ClCompile Include="AboutDlg.cpp">
      <Filter>Source Files</Filter>
    </ClCompile>
    <ClCompile Include="AttrTreeView.cpp">
      <Filter>Source Files</Filter>
    </ClCompile>
    <ClCompile Include="ChildFrame.cpp">
      <Filter>Source Files</Filter>
    </ClCompile>
    <ClCompile Include="ColumnTreeCtrl.cpp">
      <Filter>Source Files</Filter>
    </ClCompile>
    <ClCompile Include="ColumnTreeView.cpp">
      <Filter>Source Files</Filter>
    </ClCompile>
    <ClCompile Include="ContainerView.cpp">
      <Filter>Source Files</Filter>
    </ClCompile>
    <ClCompile Include="CtrlFrame.cpp">
      <Filter>Source Files</Filter>
    </ClCompile>
    <ClCompile Include="EventsFrame.cpp">
      <Filter>Source Files</Filter>
    </ClCompile>
    <ClCompile Include="FinderFrame.cpp">
      <Filter>Source Files</Filter>
    </ClCompile>
    <ClCompile Include="HistFrame.cpp">
      <Filter>Source Files</Filter>
    </ClCompile>
    <ClCompile Include="ImageView.cpp">
      <Filter>Source Files</Filter>
    </ClCompile>
    <ClCompile Include="InfoFrame.cpp">
      <Filter>Source Files</Filter>
    </ClCompile>
    <ClCompile Include="IPInput.cpp">
      <Filter>Source Files</Filter>
    </ClCompile>
    <ClCompile Include="ListFrame.cpp">
      <Filter>Source Files</Filter>
    </ClCompile>
    <ClCompile Include="MainFrame.cpp">
      <Filter>Source Files</Filter>
    </ClCompile>
    <ClCompile Include="SampleViewer.cpp">
      <Filter>Source Files</Filter>
    </ClCompile>
    <ClCompile Include="SaveNextDlg.cpp">
      <Filter>Source Files</Filter>
    </ClCompile>
    <ClCompile Include="SerialFrame.cpp">
      <Filter>Source Files</Filter>
    </ClCompile>
    <ClCompile Include="StdAfx.cpp">
      <Filter>Source Files</Filter>
    </ClCompile>
    <ClCompile Include="ValueView.cpp">
      <Filter>Source Files</Filter>
    </ClCompile>
  </ItemGroup>
  <ItemGroup>
    <ClInclude Include="EventsFrame.h">
      <Filter>Source Files</Filter>
    </ClInclude>
    <ClInclude Include="AboutDlg.h">
      <Filter>Header Files</Filter>
    </ClInclude>
    <ClInclude Include="AttrTreeView.h">
      <Filter>Header Files</Filter>
    </ClInclude>
    <ClInclude Include="ChildFrame.h">
      <Filter>Header Files</Filter>
    </ClInclude>
    <ClInclude Include="ColumnTreeCtrl.h">
      <Filter>Header Files</Filter>
    </ClInclude>
    <ClInclude Include="ColumnTreeView.h">
      <Filter>Header Files</Filter>
    </ClInclude>
    <ClInclude Include="ContainerView.h">
      <Filter>Header Files</Filter>
    </ClInclude>
    <ClInclude Include="Controls.h">
      <Filter>Header Files</Filter>
    </ClInclude>
    <ClInclude Include="CtrlFrame.h">
      <Filter>Header Files</Filter>
    </ClInclude>
    <ClInclude Include="FinderFrame.h">
      <Filter>Header Files</Filter>
    </ClInclude>
    <ClInclude Include="HistFrame.h">
      <Filter>Header Files</Filter>
    </ClInclude>
    <ClInclude Include="ImageView.h">
      <Filter>Header Files</Filter>
    </ClInclude>
    <ClInclude Include="InfoFrame.h">
      <Filter>Header Files</Filter>
    </ClInclude>
    <ClInclude Include="IPInput.h">
      <Filter>Header Files</Filter>
    </ClInclude>
    <ClInclude Include="ListFrame.h">
      <Filter>Header Files</Filter>
    </ClInclude>
    <ClInclude Include="MainFrame.h">
      <Filter>Header Files</Filter>
    </ClInclude>
    <ClInclude Include="Resource.h">
      <Filter>Header Files</Filter>
    </ClInclude>
    <ClInclude Include="SampleViewer.h">
      <Filter>Header Files</Filter>
    </ClInclude>
    <ClInclude Include="SaveNextDlg.h">
      <Filter>Header Files</Filter>
    </ClInclude>
    <ClInclude Include="SerialFrame.h">
      <Filter>Header Files</Filter>
    </ClInclude>
    <ClInclude Include="StdAfx.h">
      <Filter>Header Files</Filter>
    </ClInclude>
    <ClInclude Include="ValueView.h">
      <Filter>Header Files</Filter>
    </ClInclude>
    <ClInclude Include="TrackColor.h">
      <Filter>Header Files</Filter>
    </ClInclude>
  </ItemGroup>
  <ItemGroup>
    <ResourceCompile Include="SampleViewer.rc">
      <Filter>Source Files</Filter>
    </ResourceCompile>
  </ItemGroup>
  <ItemGroup>
    <None Include="res\bitmap1.bmp">
      <Filter>Resource Files</Filter>
    </None>
    <None Include="res\bitmap10.bmp">
      <Filter>Resource Files</Filter>
    </None>
    <None Include="res\bitmap2.bmp">
      <Filter>Resource Files</Filter>
    </None>
    <None Include="res\bitmap3.bmp">
      <Filter>Resource Files</Filter>
    </None>
    <None Include="res\bitmap4.bmp">
      <Filter>Resource Files</Filter>
    </None>
    <None Include="res\bitmap5.bmp">
      <Filter>Resource Files</Filter>
    </None>
    <None Include="res\bitmap6.bmp">
      <Filter>Resource Files</Filter>
    </None>
    <None Include="res\bitmap7.bmp">
      <Filter>Resource Files</Filter>
    </None>
    <None Include="res\bitmap8.bmp">
      <Filter>Resource Files</Filter>
    </None>
    <None Include="res\bitmap9.bmp">
      <Filter>Resource Files</Filter>
    </None>
    <None Include="res\icon1.ico">
      <Filter>Resource Files</Filter>
    </None>
    <None Include="res\icon2.ico">
      <Filter>Resource Files</Filter>
    </None>
    <None Include="res\icon3.ico">
      <Filter>Resource Files</Filter>
    </None>
    <None Include="res\icon4.ico">
      <Filter>Resource Files</Filter>
    </None>
    <None Include="res\icon5.ico">
      <Filter>Resource Files</Filter>
    </None>
    <None Include="res\icon6.ico">
      <Filter>Resource Files</Filter>
    </None>
    <None Include="res\icon7.ico">
      <Filter>Resource Files</Filter>
    </None>
    <None Include="res\SampleViewer.ico">
      <Filter>Resource Files</Filter>
    </None>
    <None Include="res\SampleViewer.rc2">
      <Filter>Resource Files</Filter>
    </None>
  </ItemGroup>
</Project>